
Microsoft Visual Studio Solution File, Format Version 12.00
# Visual Studio Version 17
VisualStudioVersion = 17.3.32929.385
MinimumVisualStudioVersion = 10.0.40219.1
Project("{9A19103F-16F7-4668-BE54-9A1E7A4F7556}") = "DalList", "DalList.csproj", "{91117E6B-CE53-484B-9900-AD5D87DBADC6}"
EndProject
Global
	GlobalSection(SolutionConfigurationPlatforms) = preSolution
		Debug|Any CPU = Debug|Any CPU
		Release|Any CPU = Release|Any CPU
	EndGlobalSection
	GlobalSection(ProjectConfigurationPlatforms) = postSolution
		{91117E6B-CE53-484B-9900-AD5D87DBADC6}.Debug|Any CPU.ActiveCfg = Debug|Any CPU
		{91117E6B-CE53-484B-9900-AD5D87DBADC6}.Debug|Any CPU.Build.0 = Debug|Any CPU
		{91117E6B-CE53-484B-9900-AD5D87DBADC6}.Release|Any CPU.ActiveCfg = Release|Any CPU
		{91117E6B-CE53-484B-9900-AD5D87DBADC6}.Release|Any CPU.Build.0 = Release|Any CPU
	EndGlobalSection
	GlobalSection(SolutionProperties) = preSolution
		HideSolutionNode = FALSE
	EndGlobalSection
	GlobalSection(ExtensibilityGlobals) = postSolution
		SolutionGuid = {DEBEFC2E-AA92-4977-A7AE-0E277078600B}
	EndGlobalSection
EndGlobal
